// !$*UTF8*$!
{
	archiveVersion = 1;
	classes = {
	};
	objectVersion = 56;
	objects = {

/* Begin PBXBuildFile section */
		6AA6209E9A3DE80F9F55B433 /* Pods_AlamofireTest.framework in Frameworks */ = {isa = PBXBuildFile; fileRef = BBB3A765F2F437C337C08BBD /* Pods_AlamofireTest.framework */; };
		D61D7A9D2A94854900854140 /* UIColor+Today.swift in Sources */ = {isa = PBXBuildFile; fileRef = D61D7A9C2A94854900854140 /* UIColor+Today.swift */; };
		D61D7A9F2A9486EF00854140 /* Date+Today.swift in Sources */ = {isa = PBXBuildFile; fileRef = D61D7A9E2A9486EF00854140 /* Date+Today.swift */; };
		D61D7AA22A9487D900854140 /* ReminderListViewController+DataSource.swift in Sources */ = {isa = PBXBuildFile; fileRef = D61D7AA12A9487D900854140 /* ReminderListViewController+DataSource.swift */; };
		D61D7AA42A949D7400854140 /* ReminderDoneButton.swift in Sources */ = {isa = PBXBuildFile; fileRef = D61D7AA32A949D7400854140 /* ReminderDoneButton.swift */; };
		D61D7AA62A949EE200854140 /* ReminderListViewController+Actions.swift in Sources */ = {isa = PBXBuildFile; fileRef = D61D7AA52A949EE200854140 /* ReminderListViewController+Actions.swift */; };
		D61D7AA82A94BAEB00854140 /* ReminderViewController.swift in Sources */ = {isa = PBXBuildFile; fileRef = D61D7AA72A94BAEB00854140 /* ReminderViewController.swift */; };
		D61D7AAC2A94BE4000854140 /* ReminderViewController+Rows.swift in Sources */ = {isa = PBXBuildFile; fileRef = D61D7AAB2A94BE4000854140 /* ReminderViewController+Rows.swift */; };
		D62678492A939EB500756BB2 /* Reminder.swift in Sources */ = {isa = PBXBuildFile; fileRef = D62678482A939EB500756BB2 /* Reminder.swift */; };
		D69456F12A9397450009D8D2 /* AppDelegate.swift in Sources */ = {isa = PBXBuildFile; fileRef = D69456F02A9397450009D8D2 /* AppDelegate.swift */; };
		D69456F32A9397450009D8D2 /* SceneDelegate.swift in Sources */ = {isa = PBXBuildFile; fileRef = D69456F22A9397450009D8D2 /* SceneDelegate.swift */; };
		D69456F52A9397450009D8D2 /* ReminderListViewController.swift in Sources */ = {isa = PBXBuildFile; fileRef = D69456F42A9397450009D8D2 /* ReminderListViewController.swift */; };
		D69456F82A9397450009D8D2 /* Main.storyboard in Resources */ = {isa = PBXBuildFile; fileRef = D69456F62A9397450009D8D2 /* Main.storyboard */; };
		D69456FA2A9397470009D8D2 /* Assets.xcassets in Resources */ = {isa = PBXBuildFile; fileRef = D69456F92A9397470009D8D2 /* Assets.xcassets */; };
		D69456FD2A9397470009D8D2 /* LaunchScreen.storyboard in Resources */ = {isa = PBXBuildFile; fileRef = D69456FB2A9397470009D8D2 /* LaunchScreen.storyboard */; };
/* End PBXBuildFile section */

/* Begin PBXFileReference section */
		7D4D9AEDBFD5E0181C697C9A /* Pods-AlamofireTest.debug.xcconfig */ = {isa = PBXFileReference; includeInIndex = 1; lastKnownFileType = text.xcconfig; name = "Pods-AlamofireTest.debug.xcconfig"; path = "Target Support Files/Pods-AlamofireTest/Pods-AlamofireTest.debug.xcconfig"; sourceTree = "<group>"; };
		8666D6A94F14CA553CFCAD00 /* Pods-AlamofireTest.release.xcconfig */ = {isa = PBXFileReference; includeInIndex = 1; lastKnownFileType = text.xcconfig; name = "Pods-AlamofireTest.release.xcconfig"; path = "Target Support Files/Pods-AlamofireTest/Pods-AlamofireTest.release.xcconfig"; sourceTree = "<group>"; };
		BBB3A765F2F437C337C08BBD /* Pods_AlamofireTest.framework */ = {isa = PBXFileReference; explicitFileType = wrapper.framework; includeInIndex = 0; path = Pods_AlamofireTest.framework; sourceTree = BUILT_PRODUCTS_DIR; };
		D61D7A9C2A94854900854140 /* UIColor+Today.swift */ = {isa = PBXFileReference; fileEncoding = 4; lastKnownFileType = sourcecode.swift; path = "UIColor+Today.swift"; sourceTree = "<group>"; };
		D61D7A9E2A9486EF00854140 /* Date+Today.swift */ = {isa = PBXFileReference; fileEncoding = 4; lastKnownFileType = sourcecode.swift; path = "Date+Today.swift"; sourceTree = "<group>"; };
		D61D7AA12A9487D900854140 /* ReminderListViewController+DataSource.swift */ = {isa = PBXFileReference; lastKnownFileType = sourcecode.swift; path = "ReminderListViewController+DataSource.swift"; sourceTree = "<group>"; };
		D61D7AA32A949D7400854140 /* ReminderDoneButton.swift */ = {isa = PBXFileReference; lastKnownFileType = sourcecode.swift; path = ReminderDoneButton.swift; sourceTree = "<group>"; };
		D61D7AA52A949EE200854140 /* ReminderListViewController+Actions.swift */ = {isa = PBXFileReference; lastKnownFileType = sourcecode.swift; path = "ReminderListViewController+Actions.swift"; sourceTree = "<group>"; };
		D61D7AA72A94BAEB00854140 /* ReminderViewController.swift */ = {isa = PBXFileReference; lastKnownFileType = sourcecode.swift; path = ReminderViewController.swift; sourceTree = "<group>"; };
		D61D7AAB2A94BE4000854140 /* ReminderViewController+Rows.swift */ = {isa = PBXFileReference; lastKnownFileType = sourcecode.swift; path = "ReminderViewController+Rows.swift"; sourceTree = "<group>"; };
		D62678482A939EB500756BB2 /* Reminder.swift */ = {isa = PBXFileReference; lastKnownFileType = sourcecode.swift; path = Reminder.swift; sourceTree = "<group>"; };
		D69456ED2A9397450009D8D2 /* AlamofireTest.app */ = {isa = PBXFileReference; explicitFileType = wrapper.application; includeInIndex = 0; path = AlamofireTest.app; sourceTree = BUILT_PRODUCTS_DIR; };
		D69456F02A9397450009D8D2 /* AppDelegate.swift */ = {isa = PBXFileReference; lastKnownFileType = sourcecode.swift; path = AppDelegate.swift; sourceTree = "<group>"; };
		D69456F22A9397450009D8D2 /* SceneDelegate.swift */ = {isa = PBXFileReference; lastKnownFileType = sourcecode.swift; path = SceneDelegate.swift; sourceTree = "<group>"; };
		D69456F42A9397450009D8D2 /* ReminderListViewController.swift */ = {isa = PBXFileReference; lastKnownFileType = sourcecode.swift; path = ReminderListViewController.swift; sourceTree = "<group>"; };
		D69456F72A9397450009D8D2 /* Base */ = {isa = PBXFileReference; lastKnownFileType = file.storyboard; name = Base; path = Base.lproj/Main.storyboard; sourceTree = "<group>"; };
		D69456F92A9397470009D8D2 /* Assets.xcassets */ = {isa = PBXFileReference; lastKnownFileType = folder.assetcatalog; path = Assets.xcassets; sourceTree = "<group>"; };
		D69456FC2A9397470009D8D2 /* Base */ = {isa = PBXFileReference; lastKnownFileType = file.storyboard; name = Base; path = Base.lproj/LaunchScreen.storyboard; sourceTree = "<group>"; };
		D69456FE2A9397470009D8D2 /* Info.plist */ = {isa = PBXFileReference; lastKnownFileType = text.plist.xml; path = Info.plist; sourceTree = "<group>"; };
/* End PBXFileReference section */

/* Begin PBXFrameworksBuildPhase section */
		D69456EA2A9397450009D8D2 /* Frameworks */ = {
			isa = PBXFrameworksBuildPhase;
			buildActionMask = 2147483647;
			files = (
				6AA6209E9A3DE80F9F55B433 /* Pods_AlamofireTest.framework in Frameworks */,
			);
			runOnlyForDeploymentPostprocessing = 0;
		};
/* End PBXFrameworksBuildPhase section */

/* Begin PBXGroup section */
		22666FA4756F13AC4B234A63 /* Pods */ = {
			isa = PBXGroup;
			children = (
				7D4D9AEDBFD5E0181C697C9A /* Pods-AlamofireTest.debug.xcconfig */,
				8666D6A94F14CA553CFCAD00 /* Pods-AlamofireTest.release.xcconfig */,
			);
			path = Pods;
			sourceTree = "<group>";
		};
		D61D7AA02A94877100854140 /* ListViewController */ = {
			isa = PBXGroup;
			children = (
				D69456F42A9397450009D8D2 /* ReminderListViewController.swift */,
				D61D7AA12A9487D900854140 /* ReminderListViewController+DataSource.swift */,
				D61D7AA32A949D7400854140 /* ReminderDoneButton.swift */,
				D61D7AA52A949EE200854140 /* ReminderListViewController+Actions.swift */,
			);
			path = ListViewController;
			sourceTree = "<group>";
		};
		D61D7AAA2A94BD9C00854140 /* DetaillViewController */ = {
			isa = PBXGroup;
			children = (
				D61D7AA72A94BAEB00854140 /* ReminderViewController.swift */,
				D61D7AAB2A94BE4000854140 /* ReminderViewController+Rows.swift */,
			);
			path = DetaillViewController;
			sourceTree = "<group>";
		};
		D62678472A939DD500756BB2 /* Models */ = {
			isa = PBXGroup;
			children = (
				D61D7A9E2A9486EF00854140 /* Date+Today.swift */,
				D61D7A9C2A94854900854140 /* UIColor+Today.swift */,
				D62678482A939EB500756BB2 /* Reminder.swift */,
			);
			path = Models;
			sourceTree = "<group>";
		};
		D69456E42A9397450009D8D2 = {
			isa = PBXGroup;
			children = (
				D69456EF2A9397450009D8D2 /* AlamofireTest */,
				D69456EE2A9397450009D8D2 /* Products */,
				22666FA4756F13AC4B234A63 /* Pods */,
				DD957D72A3158D94923B10B1 /* Frameworks */,
			);
			sourceTree = "<group>";
		};
		D69456EE2A9397450009D8D2 /* Products */ = {
			isa = PBXGroup;
			children = (
				D69456ED2A9397450009D8D2 /* AlamofireTest.app */,
			);
			name = Products;
			sourceTree = "<group>";
		};
		D69456EF2A9397450009D8D2 /* AlamofireTest */ = {
			isa = PBXGroup;
			children = (
				D62678472A939DD500756BB2 /* Models */,
				D69456F02A9397450009D8D2 /* AppDelegate.swift */,
				D69456F22A9397450009D8D2 /* SceneDelegate.swift */,
				D61D7AAA2A94BD9C00854140 /* DetaillViewController */,
				D61D7AA02A94877100854140 /* ListViewController */,
				D69456F62A9397450009D8D2 /* Main.storyboard */,
				D69456F92A9397470009D8D2 /* Assets.xcassets */,
				D69456FB2A9397470009D8D2 /* LaunchScreen.storyboard */,
				D69456FE2A9397470009D8D2 /* Info.plist */,
			);
			path = AlamofireTest;
			sourceTree = "<group>";
		};
		DD957D72A3158D94923B10B1 /* Frameworks */ = {
			isa = PBXGroup;
			children = (
				BBB3A765F2F437C337C08BBD /* Pods_AlamofireTest.framework */,
			);
			name = Frameworks;
			sourceTree = "<group>";
		};
/* End PBXGroup section */

/* Begin PBXNativeTarget section */
		D69456EC2A9397450009D8D2 /* AlamofireTest */ = {
			isa = PBXNativeTarget;
			buildConfigurationList = D69457012A9397470009D8D2 /* Build configuration list for PBXNativeTarget "AlamofireTest" */;
			buildPhases = (
				52420BB89674BE3BB9C243F2 /* [CP] Check Pods Manifest.lock */,
				D69456E92A9397450009D8D2 /* Sources */,
				D69456EA2A9397450009D8D2 /* Frameworks */,
				D69456EB2A9397450009D8D2 /* Resources */,
				9EBC3B6937D961235CFC1F31 /* [CP] Embed Pods Frameworks */,
			);
			buildRules = (
			);
			dependencies = (
			);
			name = AlamofireTest;
			productName = AlamofireTest;
			productReference = D69456ED2A9397450009D8D2 /* AlamofireTest.app */;
			productType = "com.apple.product-type.application";
		};
/* End PBXNativeTarget section */

/* Begin PBXProject section */
		D69456E52A9397450009D8D2 /* Project object */ = {
			isa = PBXProject;
			attributes = {
				BuildIndependentTargetsInParallel = 1;
				LastSwiftUpdateCheck = 1420;
				LastUpgradeCheck = 1420;
				TargetAttributes = {
					D69456EC2A9397450009D8D2 = {
						CreatedOnToolsVersion = 14.2;
					};
				};
			};
			buildConfigurationList = D69456E82A9397450009D8D2 /* Build configuration list for PBXProject "AlamofireTest" */;
			compatibilityVersion = "Xcode 14.0";
			developmentRegion = en;
			hasScannedForEncodings = 0;
			knownRegions = (
				en,
				Base,
			);
			mainGroup = D69456E42A9397450009D8D2;
			productRefGroup = D69456EE2A9397450009D8D2 /* Products */;
			projectDirPath = "";
			projectRoot = "";
			targets = (
				D69456EC2A9397450009D8D2 /* AlamofireTest */,
			);
		};
/* End PBXProject section */

/* Begin PBXResourcesBuildPhase section */
		D69456EB2A9397450009D8D2 /* Resources */ = {
			isa = PBXResourcesBuildPhase;
			buildActionMask = 2147483647;
			files = (
				D69456FD2A9397470009D8D2 /* LaunchScreen.storyboard in Resources */,
				D69456FA2A9397470009D8D2 /* Assets.xcassets in Resources */,
				D69456F82A9397450009D8D2 /* Main.storyboard in Resources */,
			);
			runOnlyForDeploymentPostprocessing = 0;
		};
/* End PBXResourcesBuildPhase section */

/* Begin PBXShellScriptBuildPhase section */
		52420BB89674BE3BB9C243F2 /* [CP] Check Pods Manifest.lock */ = {
			isa = PBXShellScriptBuildPhase;
			buildActionMask = 2147483647;
			files = (
			);
			inputFileListPaths = (
			);
			inputPaths = (
				"${PODS_PODFILE_DIR_PATH}/Podfile.lock",
				"${PODS_ROOT}/Manifest.lock",
			);
			name = "[CP] Check Pods Manifest.lock";
			outputFileListPaths = (
			);
			outputPaths = (
				"$(DERIVED_FILE_DIR)/Pods-AlamofireTest-checkManifestLockResult.txt",
			);
			runOnlyForDeploymentPostprocessing = 0;
			shellPath = /bin/sh;
			shellScript = "diff \"${PODS_PODFILE_DIR_PATH}/Podfile.lock\" \"${PODS_ROOT}/Manifest.lock\" > /dev/null\nif [ $? != 0 ] ; then\n    # print error to STDERR\n    echo \"error: The sandbox is not in sync with the Podfile.lock. Run 'pod install' or update your CocoaPods installation.\" >&2\n    exit 1\nfi\n# This output is used by Xcode 'outputs' to avoid re-running this script phase.\necho \"SUCCESS\" > \"${SCRIPT_OUTPUT_FILE_0}\"\n";
			showEnvVarsInLog = 0;
		};
		9EBC3B6937D961235CFC1F31 /* [CP] Embed Pods Frameworks */ = {
			isa = PBXShellScriptBuildPhase;
			buildActionMask = 2147483647;
			files = (
			);
			inputFileListPaths = (
				"${PODS_ROOT}/Target Support Files/Pods-AlamofireTest/Pods-AlamofireTest-frameworks-${CONFIGURATION}-input-files.xcfilelist",
			);
			name = "[CP] Embed Pods Frameworks";
			outputFileListPaths = (
				"${PODS_ROOT}/Target Support Files/Pods-AlamofireTest/Pods-AlamofireTest-frameworks-${CONFIGURATION}-output-files.xcfilelist",
			);
			runOnlyForDeploymentPostprocessing = 0;
			shellPath = /bin/sh;
			shellScript = "\"${PODS_ROOT}/Target Support Files/Pods-AlamofireTest/Pods-AlamofireTest-frameworks.sh\"\n";
			showEnvVarsInLog = 0;
		};
/* End PBXShellScriptBuildPhase section */

/* Begin PBXSourcesBuildPhase section */
		D69456E92A9397450009D8D2 /* Sources */ = {
			isa = PBXSourcesBuildPhase;
			buildActionMask = 2147483647;
			files = (
				D69456F52A9397450009D8D2 /* ReminderListViewController.swift in Sources */,
				D61D7AA62A949EE200854140 /* ReminderListViewController+Actions.swift in Sources */,
				D61D7AA82A94BAEB00854140 /* ReminderViewController.swift in Sources */,
				D69456F12A9397450009D8D2 /* AppDelegate.swift in Sources */,
				D61D7A9D2A94854900854140 /* UIColor+Today.swift in Sources */,
				D61D7AA42A949D7400854140 /* ReminderDoneButton.swift in Sources */,
				D61D7A9F2A9486EF00854140 /* Date+Today.swift in Sources */,
				D61D7AA22A9487D900854140 /* ReminderListViewController+DataSource.swift in Sources */,
				D69456F32A9397450009D8D2 /* SceneDelegate.swift in Sources */,
				D61D7AAC2A94BE4000854140 /* ReminderViewController+Rows.swift in Sources */,
				D62678492A939EB500756BB2 /* Reminder.swift in Sources */,
			);
			runOnlyForDeploymentPostprocessing = 0;
		};
/* End PBXSourcesBuildPhase section */

/* Begin PBXVariantGroup section */
		D69456F62A9397450009D8D2 /* Main.storyboard */ = {
			isa = PBXVariantGroup;
			children = (
				D69456F72A9397450009D8D2 /* Base */,
			);
			name = Main.storyboard;
			sourceTree = "<group>";
		};
		D69456FB2A9397470009D8D2 /* LaunchScreen.storyboard */ = {
			isa = PBXVariantGroup;
			children = (
				D69456FC2A9397470009D8D2 /* Base */,
			);
			name = LaunchScreen.storyboard;
			sourceTree = "<group>";
		};
/* End PBXVariantGroup section */

/* Begin XCBuildConfiguration section */
		D69456FF2A9397470009D8D2 /* Debug */ = {
			isa = XCBuildConfiguration;
			buildSettings = {
				ALWAYS_SEARCH_USER_PATHS = NO;
				CLANG_ANALYZER_NONNULL = YES;
				CLANG_ANALYZER_NUMBER_OBJECT_CONVERSION = YES_AGGRESSIVE;
				CLANG_CXX_LANGUAGE_STANDARD = "gnu++20";
				CLANG_ENABLE_MODULES = YES;
				CLANG_ENABLE_OBJC_ARC = YES;
				CLANG_ENABLE_OBJC_WEAK = YES;
				CLANG_WARN_BLOCK_CAPTURE_AUTORELEASING = YES;
				CLANG_WARN_BOOL_CONVERSION = YES;
				CLANG_WARN_COMMA = YES;
				CLANG_WARN_CONSTANT_CONVERSION = YES;
				CLANG_WARN_DEPRECATED_OBJC_IMPLEMENTATIONS = YES;
				CLANG_WARN_DIRECT_OBJC_ISA_USAGE = YES_ERROR;
				CLANG_WARN_DOCUMENTATION_COMMENTS = YES;
				CLANG_WARN_EMPTY_BODY = YES;
				CLANG_WARN_ENUM_CONVERSION = YES;
				CLANG_WARN_INFINITE_RECURSION = YES;
				CLANG_WARN_INT_CONVERSION = YES;
				CLANG_WARN_NON_LITERAL_NULL_CONVERSION = YES;
				CLANG_WARN_OBJC_IMPLICIT_RETAIN_SELF = YES;
				CLANG_WARN_OBJC_LITERAL_CONVERSION = YES;
				CLANG_WARN_OBJC_ROOT_CLASS = YES_ERROR;
				CLANG_WARN_QUOTED_INCLUDE_IN_FRAMEWORK_HEADER = YES;
				CLANG_WARN_RANGE_LOOP_ANALYSIS = YES;
				CLANG_WARN_STRICT_PROTOTYPES = YES;
				CLANG_WARN_SUSPICIOUS_MOVE = YES;
				CLANG_WARN_UNGUARDED_AVAILABILITY = YES_AGGRESSIVE;
				CLANG_WARN_UNREACHABLE_CODE = YES;
				CLANG_WARN__DUPLICATE_METHOD_MATCH = YES;
				COPY_PHASE_STRIP = NO;
				DEBUG_INFORMATION_FORMAT = dwarf;
				ENABLE_STRICT_OBJC_MSGSEND = YES;
				ENABLE_TESTABILITY = YES;
				GCC_C_LANGUAGE_STANDARD = gnu11;
				GCC_DYNAMIC_NO_PIC = NO;
				GCC_NO_COMMON_BLOCKS = YES;
				GCC_OPTIMIZATION_LEVEL = 0;
				GCC_PREPROCESSOR_DEFINITIONS = (
					"DEBUG=1",
					"$(inherited)",
				);
				GCC_WARN_64_TO_32_BIT_CONVERSION = YES;
				GCC_WARN_ABOUT_RETURN_TYPE = YES_ERROR;
				GCC_WARN_UNDECLARED_SELECTOR = YES;
				GCC_WARN_UNINITIALIZED_AUTOS = YES_AGGRESSIVE;
				GCC_WARN_UNUSED_FUNCTION = YES;
				GCC_WARN_UNUSED_VARIABLE = YES;
				IPHONEOS_DEPLOYMENT_TARGET = 16.2;
				MTL_ENABLE_DEBUG_INFO = INCLUDE_SOURCE;
				MTL_FAST_MATH = YES;
				ONLY_ACTIVE_ARCH = YES;
				SDKROOT = iphoneos;
				SWIFT_ACTIVE_COMPILATION_CONDITIONS = DEBUG;
				SWIFT_OPTIMIZATION_LEVEL = "-Onone";
			};
			name = Debug;
		};
		D69457002A9397470009D8D2 /* Release */ = {
			isa = XCBuildConfiguration;
			buildSettings = {
				ALWAYS_SEARCH_USER_PATHS = NO;
				CLANG_ANALYZER_NONNULL = YES;
				CLANG_ANALYZER_NUMBER_OBJECT_CONVERSION = YES_AGGRESSIVE;
				CLANG_CXX_LANGUAGE_STANDARD = "gnu++20";
				CLANG_ENABLE_MODULES = YES;
				CLANG_ENABLE_OBJC_ARC = YES;
				CLANG_ENABLE_OBJC_WEAK = YES;
				CLANG_WARN_BLOCK_CAPTURE_AUTORELEASING = YES;
				CLANG_WARN_BOOL_CONVERSION = YES;
				CLANG_WARN_COMMA = YES;
				CLANG_WARN_CONSTANT_CONVERSION = YES;
				CLANG_WARN_DEPRECATED_OBJC_IMPLEMENTATIONS = YES;
				CLANG_WARN_DIRECT_OBJC_ISA_USAGE = YES_ERROR;
				CLANG_WARN_DOCUMENTATION_COMMENTS = YES;
				CLANG_WARN_EMPTY_BODY = YES;
				CLANG_WARN_ENUM_CONVERSION = YES;
				CLANG_WARN_INFINITE_RECURSION = YES;
				CLANG_WARN_INT_CONVERSION = YES;
				CLANG_WARN_NON_LITERAL_NULL_CONVERSION = YES;
				CLANG_WARN_OBJC_IMPLICIT_RETAIN_SELF = YES;
				CLANG_WARN_OBJC_LITERAL_CONVERSION = YES;
				CLANG_WARN_OBJC_ROOT_CLASS = YES_ERROR;
				CLANG_WARN_QUOTED_INCLUDE_IN_FRAMEWORK_HEADER = YES;
				CLANG_WARN_RANGE_LOOP_ANALYSIS = YES;
				CLANG_WARN_STRICT_PROTOTYPES = YES;
				CLANG_WARN_SUSPICIOUS_MOVE = YES;
				CLANG_WARN_UNGUARDED_AVAILABILITY = YES_AGGRESSIVE;
				CLANG_WARN_UNREACHABLE_CODE = YES;
				CLANG_WARN__DUPLICATE_METHOD_MATCH = YES;
				COPY_PHASE_STRIP = NO;
				DEBUG_INFORMATION_FORMAT = "dwarf-with-dsym";
				ENABLE_NS_ASSERTIONS = NO;
				ENABLE_STRICT_OBJC_MSGSEND = YES;
				GCC_C_LANGUAGE_STANDARD = gnu11;
				GCC_NO_COMMON_BLOCKS = YES;
				GCC_WARN_64_TO_32_BIT_CONVERSION = YES;
				GCC_WARN_ABOUT_RETURN_TYPE = YES_ERROR;
				GCC_WARN_UNDECLARED_SELECTOR = YES;
				GCC_WARN_UNINITIALIZED_AUTOS = YES_AGGRESSIVE;
				GCC_WARN_UNUSED_FUNCTION = YES;
				GCC_WARN_UNUSED_VARIABLE = YES;
				IPHONEOS_DEPLOYMENT_TARGET = 16.2;
				MTL_ENABLE_DEBUG_INFO = NO;
				MTL_FAST_MATH = YES;
				SDKROOT = iphoneos;
				SWIFT_COMPILATION_MODE = wholemodule;
				SWIFT_OPTIMIZATION_LEVEL = "-O";
				VALIDATE_PRODUCT = YES;
			};
			name = Release;
		};
		D69457022A9397470009D8D2 /* Debug */ = {
			isa = XCBuildConfiguration;
			baseConfigurationReference = 7D4D9AEDBFD5E0181C697C9A /* Pods-AlamofireTest.debug.xcconfig */;
			buildSettings = {
				ASSETCATALOG_COMPILER_APPICON_NAME = AppIcon;
				ASSETCATALOG_COMPILER_GLOBAL_ACCENT_COLOR_NAME = AccentColor;
				CODE_SIGN_STYLE = Automatic;
				CURRENT_PROJECT_VERSION = 1;
				GENERATE_INFOPLIST_FILE = YES;
				INFOPLIST_FILE = AlamofireTest/Info.plist;
				INFOPLIST_KEY_UIApplicationSupportsIndirectInputEvents = YES;
				INFOPLIST_KEY_UILaunchStoryboardName = LaunchScreen;
				INFOPLIST_KEY_UIMainStoryboardFile = Main;
				INFOPLIST_KEY_UISupportedInterfaceOrientations_iPad = "UIInterfaceOrientationPortrait UIInterfaceOrientationPortraitUpsideDown UIInterfaceOrientationLandscapeLeft UIInterfaceOrientationLandscapeRight";
				INFOPLIST_KEY_UISupportedInterfaceOrientations_iPhone = "UIInterfaceOrientationPortrait UIInterfaceOrientationLandscapeLeft UIInterfaceOrientationLandscapeRight";
				LD_RUNPATH_SEARCH_PATHS = (
					"$(inherited)",
					"@executable_path/Frameworks",
				);
				MARKETING_VERSION = 1.0;
				PRODUCT_BUNDLE_IDENTIFIER = com.codesorbit.AlamofireTest;
				PRODUCT_NAME = "$(TARGET_NAME)";
				SWIFT_EMIT_LOC_STRINGS = YES;
				SWIFT_VERSION = 5.0;
				TARGETED_DEVICE_FAMILY = "1,2";
			};
			name = Debug;
		};
		D69457032A9397470009D8D2 /* Release */ = {
			isa = XCBuildConfiguration;
			baseConfigurationReference = 8666D6A94F14CA553CFCAD00 /* Pods-AlamofireTest.release.xcconfig */;
			buildSettings = {
				ASSETCATALOG_COMPILER_APPICON_NAME = AppIcon;
				ASSETCATALOG_COMPILER_GLOBAL_ACCENT_COLOR_NAME = AccentColor;
				CODE_SIGN_STYLE = Automatic;
				CURRENT_PROJECT_VERSION = 1;
				GENERATE_INFOPLIST_FILE = YES;
				INFOPLIST_FILE = AlamofireTest/Info.plist;
				INFOPLIST_KEY_UIApplicationSupportsIndirectInputEvents = YES;
				INFOPLIST_KEY_UILaunchStoryboardName = LaunchScreen;
				INFOPLIST_KEY_UIMainStoryboardFile = Main;
				INFOPLIST_KEY_UISupportedInterfaceOrientations_iPad = "UIInterfaceOrientationPortrait UIInterfaceOrientationPortraitUpsideDown UIInterfaceOrientationLandscapeLeft UIInterfaceOrientationLandscapeRight";
				INFOPLIST_KEY_UISupportedInterfaceOrientations_iPhone = "UIInterfaceOrientationPortrait UIInterfaceOrientationLandscapeLeft UIInterfaceOrientationLandscapeRight";
				LD_RUNPATH_SEARCH_PATHS = (
					"$(inherited)",
					"@executable_path/Frameworks",
				);
				MARKETING_VERSION = 1.0;
				PRODUCT_BUNDLE_IDENTIFIER = com.codesorbit.AlamofireTest;
				PRODUCT_NAME = "$(TARGET_NAME)";
				SWIFT_EMIT_LOC_STRINGS = YES;
				SWIFT_VERSION = 5.0;
				TARGETED_DEVICE_FAMILY = "1,2";
			};
			name = Release;
		};
/* End XCBuildConfiguration section */

/* Begin XCConfigurationList section */
		D69456E82A9397450009D8D2 /* Build configuration list for PBXProject "AlamofireTest" */ = {
			isa = XCConfigurationList;
			buildConfigurations = (
				D69456FF2A9397470009D8D2 /* Debug */,
				D69457002A9397470009D8D2 /* Release */,
			);
			defaultConfigurationIsVisible = 0;
			defaultConfigurationName = Release;
		};
		D69457012A9397470009D8D2 /* Build configuration list for PBXNativeTarget "AlamofireTest" */ = {
			isa = XCConfigurationList;
			buildConfigurations = (
				D69457022A9397470009D8D2 /* Debug */,
				D69457032A9397470009D8D2 /* Release */,
			);
			defaultConfigurationIsVisible = 0;
			defaultConfigurationName = Release;
		};
/* End XCConfigurationList section */
	};
	rootObject = D69456E52A9397450009D8D2 /* Project object */;
}
